
Microsoft Visual Studio Solution File, Format Version 12.00
# Visual Studio Version 17
VisualStudioVersion = 17.5.33627.172
MinimumVisualStudioVersion = 10.0.40219.1
Project("{FAE04EC0-301F-11D3-BF4B-00C04F79EFBC}") = "Data", "Src\Data\Data.csproj", "{7AA363BA-6FA2-4EF7-803F-45C74DA4609C}"
EndProject
Project("{2150E333-8FDC-42A3-9474-1A3956D46DE8}") = "DB", "DB", "{C9259E97-12F6-488F-8F73-2EA8DCE9D8A5}"
	ProjectSection(SolutionItems) = preProject
		Src\Data\my_app.db = Src\Data\my_app.db
	EndProjectSection
EndProject
Project("{FAE04EC0-301F-11D3-BF4B-00C04F79EFBC}") = "Api", "Src\Api\Api.csproj", "{A31D6EB1-31B7-4C6B-9120-215B8D774AAE}"
EndProject
Global
	GlobalSection(SolutionConfigurationPlatforms) = preSolution
		Debug|Any CPU = Debug|Any CPU
		Release|Any CPU = Release|Any CPU
	EndGlobalSection
	GlobalSection(ProjectConfigurationPlatforms) = postSolution
		{7AA363BA-6FA2-4EF7-803F-45C74DA4609C}.Debug|Any CPU.ActiveCfg = Debug|Any CPU
		{7AA363BA-6FA2-4EF7-803F-45C74DA4609C}.Debug|Any CPU.Build.0 = Debug|Any CPU
		{7AA363BA-6FA2-4EF7-803F-45C74DA4609C}.Release|Any CPU.ActiveCfg = Release|Any CPU
		{7AA363BA-6FA2-4EF7-803F-45C74DA4609C}.Release|Any CPU.Build.0 = Release|Any CPU
		{A31D6EB1-31B7-4C6B-9120-215B8D774AAE}.Debug|Any CPU.ActiveCfg = Debug|Any CPU
		{A31D6EB1-31B7-4C6B-9120-215B8D774AAE}.Debug|Any CPU.Build.0 = Debug|Any CPU
		{A31D6EB1-31B7-4C6B-9120-215B8D774AAE}.Release|Any CPU.ActiveCfg = Release|Any CPU
		{A31D6EB1-31B7-4C6B-9120-215B8D774AAE}.Release|Any CPU.Build.0 = Release|Any CPU
	EndGlobalSection
	GlobalSection(SolutionProperties) = preSolution
		HideSolutionNode = FALSE
	EndGlobalSection
	GlobalSection(ExtensibilityGlobals) = postSolution
		SolutionGuid = {FDD04011-AF1B-4F51-B520-4AE38F53EEE7}
	EndGlobalSection
EndGlobal
